// !$*UTF8*$!
{
	archiveVersion = 1;
	classes = {
	};
	objectVersion = 46;
	objects = {

/* Begin PBXBuildFile section */
		CE762F4F1CEB1F3C003A72BD /* PhotoActivitiesOrderedCollection.m in Sources */ = {isa = PBXBuildFile; fileRef = CE762F4E1CEB1F3C003A72BD /* PhotoActivitiesOrderedCollection.m */; };
		CE762F521CEB2B1B003A72BD /* PhotoCollectionViewCell.m in Sources */ = {isa = PBXBuildFile; fileRef = CE762F511CEB2B1B003A72BD /* PhotoCollectionViewCell.m */; };
		CEADC3601CE9F083003337ED /* PCServer.m in Sources */ = {isa = PBXBuildFile; fileRef = CEADC35F1CE9F083003337ED /* PCServer.m */; };
		CEADC3671CEA04F9003337ED /* PCActivity.m in Sources */ = {isa = PBXBuildFile; fileRef = CEADC3661CEA04F9003337ED /* PCActivity.m */; };
		CEADC36A1CEA065A003337ED /* PCPhotoObject.m in Sources */ = {isa = PBXBuildFile; fileRef = CEADC3691CEA065A003337ED /* PCPhotoObject.m */; };
		CEADC3701CEA0990003337ED /* PCPhoto.m in Sources */ = {isa = PBXBuildFile; fileRef = CEADC36F1CEA0990003337ED /* PCPhoto.m */; };
		CEADC3731CEA13AF003337ED /* PCRoot.m in Sources */ = {isa = PBXBuildFile; fileRef = CEADC3721CEA13AF003337ED /* PCRoot.m */; };
		CEADC3781CEA6DBC003337ED /* PCObject.m in Sources */ = {isa = PBXBuildFile; fileRef = CEADC3771CEA6DBC003337ED /* PCObject.m */; };
		CEADC3891CEA7DD9003337ED /* PhotoCollectionViewController.m in Sources */ = {isa = PBXBuildFile; fileRef = CEADC3811CEA7DD9003337ED /* PhotoCollectionViewController.m */; };
		CEADC38A1CEA7DD9003337ED /* StartViewController.m in Sources */ = {isa = PBXBuildFile; fileRef = CEADC3831CEA7DD9003337ED /* StartViewController.m */; };
		CEADC38C1CEA7DD9003337ED /* NSDictionary+TypeCheck.m in Sources */ = {isa = PBXBuildFile; fileRef = CEADC3881CEA7DD9003337ED /* NSDictionary+TypeCheck.m */; };
		CEBAB4531CE9DCD600357BC9 /* main.m in Sources */ = {isa = PBXBuildFile; fileRef = CEBAB4521CE9DCD600357BC9 /* main.m */; };
		CEBAB4561CE9DCD600357BC9 /* AppDelegate.m in Sources */ = {isa = PBXBuildFile; fileRef = CEBAB4551CE9DCD600357BC9 /* AppDelegate.m */; };
		CEBAB45C1CE9DCD600357BC9 /* Main.storyboard in Resources */ = {isa = PBXBuildFile; fileRef = CEBAB45A1CE9DCD600357BC9 /* Main.storyboard */; };
		CEBAB45E1CE9DCD600357BC9 /* Assets.xcassets in Resources */ = {isa = PBXBuildFile; fileRef = CEBAB45D1CE9DCD600357BC9 /* Assets.xcassets */; };
		CEBAB4611CE9DCD600357BC9 /* LaunchScreen.storyboard in Resources */ = {isa = PBXBuildFile; fileRef = CEBAB45F1CE9DCD600357BC9 /* LaunchScreen.storyboard */; };
/* End PBXBuildFile section */

/* Begin PBXFileReference section */
		CE762F4D1CEB1F3C003A72BD /* PhotoActivitiesOrderedCollection.h */ = {isa = PBXFileReference; fileEncoding = 4; lastKnownFileType = sourcecode.c.h; path = PhotoActivitiesOrderedCollection.h; sourceTree = "<group>"; };
		CE762F4E1CEB1F3C003A72BD /* PhotoActivitiesOrderedCollection.m */ = {isa = PBXFileReference; fileEncoding = 4; lastKnownFileType = sourcecode.c.objc; path = PhotoActivitiesOrderedCollection.m; sourceTree = "<group>"; };
		CE762F501CEB2B1B003A72BD /* PhotoCollectionViewCell.h */ = {isa = PBXFileReference; fileEncoding = 4; lastKnownFileType = sourcecode.c.h; path = PhotoCollectionViewCell.h; sourceTree = "<group>"; };
		CE762F511CEB2B1B003A72BD /* PhotoCollectionViewCell.m */ = {isa = PBXFileReference; fileEncoding = 4; lastKnownFileType = sourcecode.c.objc; path = PhotoCollectionViewCell.m; sourceTree = "<group>"; };
		CEADC35E1CE9F083003337ED /* PCServer.h */ = {isa = PBXFileReference; fileEncoding = 4; lastKnownFileType = sourcecode.c.h; path = PCServer.h; sourceTree = "<group>"; };
		CEADC35F1CE9F083003337ED /* PCServer.m */ = {isa = PBXFileReference; fileEncoding = 4; lastKnownFileType = sourcecode.c.objc; path = PCServer.m; sourceTree = "<group>"; };
		CEADC3651CEA04F9003337ED /* PCActivity.h */ = {isa = PBXFileReference; fileEncoding = 4; lastKnownFileType = sourcecode.c.h; path = PCActivity.h; sourceTree = "<group>"; };
		CEADC3661CEA04F9003337ED /* PCActivity.m */ = {isa = PBXFileReference; fileEncoding = 4; lastKnownFileType = sourcecode.c.objc; path = PCActivity.m; sourceTree = "<group>"; };
		CEADC3681CEA065A003337ED /* PCPhotoObject.h */ = {isa = PBXFileReference; fileEncoding = 4; lastKnownFileType = sourcecode.c.h; path = PCPhotoObject.h; sourceTree = "<group>"; };
		CEADC3691CEA065A003337ED /* PCPhotoObject.m */ = {isa = PBXFileReference; fileEncoding = 4; lastKnownFileType = sourcecode.c.objc; path = PCPhotoObject.m; sourceTree = "<group>"; };
		CEADC36E1CEA0990003337ED /* PCPhoto.h */ = {isa = PBXFileReference; fileEncoding = 4; lastKnownFileType = sourcecode.c.h; path = PCPhoto.h; sourceTree = "<group>"; };
		CEADC36F1CEA0990003337ED /* PCPhoto.m */ = {isa = PBXFileReference; fileEncoding = 4; lastKnownFileType = sourcecode.c.objc; path = PCPhoto.m; sourceTree = "<group>"; };
		CEADC3711CEA13AF003337ED /* PCRoot.h */ = {isa = PBXFileReference; fileEncoding = 4; lastKnownFileType = sourcecode.c.h; path = PCRoot.h; sourceTree = "<group>"; };
		CEADC3721CEA13AF003337ED /* PCRoot.m */ = {isa = PBXFileReference; fileEncoding = 4; lastKnownFileType = sourcecode.c.objc; path = PCRoot.m; sourceTree = "<group>"; };
		CEADC3741CEA60CC003337ED /* ModelClasses.h */ = {isa = PBXFileReference; lastKnownFileType = sourcecode.c.h; path = ModelClasses.h; sourceTree = "<group>"; };
		CEADC3761CEA6DBC003337ED /* PCObject.h */ = {isa = PBXFileReference; fileEncoding = 4; lastKnownFileType = sourcecode.c.h; path = PCObject.h; sourceTree = "<group>"; };
		CEADC3771CEA6DBC003337ED /* PCObject.m */ = {isa = PBXFileReference; fileEncoding = 4; lastKnownFileType = sourcecode.c.objc; path = PCObject.m; sourceTree = "<group>"; };
		CEADC3801CEA7DD9003337ED /* PhotoCollectionViewController.h */ = {isa = PBXFileReference; fileEncoding = 4; lastKnownFileType = sourcecode.c.h; path = PhotoCollectionViewController.h; sourceTree = "<group>"; };
		CEADC3811CEA7DD9003337ED /* PhotoCollectionViewController.m */ = {isa = PBXFileReference; fileEncoding = 4; lastKnownFileType = sourcecode.c.objc; path = PhotoCollectionViewController.m; sourceTree = "<group>"; };
		CEADC3821CEA7DD9003337ED /* StartViewController.h */ = {isa = PBXFileReference; fileEncoding = 4; lastKnownFileType = sourcecode.c.h; path = StartViewController.h; sourceTree = "<group>"; };
		CEADC3831CEA7DD9003337ED /* StartViewController.m */ = {isa = PBXFileReference; fileEncoding = 4; lastKnownFileType = sourcecode.c.objc; path = StartViewController.m; sourceTree = "<group>"; };
		CEADC3871CEA7DD9003337ED /* NSDictionary+TypeCheck.h */ = {isa = PBXFileReference; fileEncoding = 4; lastKnownFileType = sourcecode.c.h; path = "NSDictionary+TypeCheck.h"; sourceTree = "<group>"; };
		CEADC3881CEA7DD9003337ED /* NSDictionary+TypeCheck.m */ = {isa = PBXFileReference; fileEncoding = 4; lastKnownFileType = sourcecode.c.objc; path = "NSDictionary+TypeCheck.m"; sourceTree = "<group>"; };
		CEBAB44E1CE9DCD600357BC9 /* ExplorePage.app */ = {isa = PBXFileReference; explicitFileType = wrapper.application; includeInIndex = 0; path = ExplorePage.app; sourceTree = BUILT_PRODUCTS_DIR; };
		CEBAB4521CE9DCD600357BC9 /* main.m */ = {isa = PBXFileReference; lastKnownFileType = sourcecode.c.objc; path = main.m; sourceTree = "<group>"; };
		CEBAB4541CE9DCD600357BC9 /* AppDelegate.h */ = {isa = PBXFileReference; lastKnownFileType = sourcecode.c.h; path = AppDelegate.h; sourceTree = "<group>"; };
		CEBAB4551CE9DCD600357BC9 /* AppDelegate.m */ = {isa = PBXFileReference; lastKnownFileType = sourcecode.c.objc; path = AppDelegate.m; sourceTree = "<group>"; };
		CEBAB45B1CE9DCD600357BC9 /* Base */ = {isa = PBXFileReference; lastKnownFileType = file.storyboard; name = Base; path = Base.lproj/Main.storyboard; sourceTree = "<group>"; };
		CEBAB45D1CE9DCD600357BC9 /* Assets.xcassets */ = {isa = PBXFileReference; lastKnownFileType = folder.assetcatalog; path = Assets.xcassets; sourceTree = "<group>"; };
		CEBAB4601CE9DCD600357BC9 /* Base */ = {isa = PBXFileReference; lastKnownFileType = file.storyboard; name = Base; path = Base.lproj/LaunchScreen.storyboard; sourceTree = "<group>"; };
		CEBAB4621CE9DCD600357BC9 /* Info.plist */ = {isa = PBXFileReference; lastKnownFileType = text.plist.xml; path = Info.plist; sourceTree = "<group>"; };
/* End PBXFileReference section */

/* Begin PBXFrameworksBuildPhase section */
		CEBAB44B1CE9DCD600357BC9 /* Frameworks */ = {
			isa = PBXFrameworksBuildPhase;
			buildActionMask = 2147483647;
			files = (
			);
			runOnlyForDeploymentPostprocessing = 0;
		};
/* End PBXFrameworksBuildPhase section */

/* Begin PBXGroup section */
		CEADC35D1CE9F05D003337ED /* Network */ = {
			isa = PBXGroup;
			children = (
				CEADC35E1CE9F083003337ED /* PCServer.h */,
				CEADC35F1CE9F083003337ED /* PCServer.m */,
			);
			path = Network;
			sourceTree = "<group>";
		};
		CEADC3611CEA0319003337ED /* Model */ = {
			isa = PBXGroup;
			children = (
				CEADC3741CEA60CC003337ED /* ModelClasses.h */,
				CEADC3711CEA13AF003337ED /* PCRoot.h */,
				CEADC3721CEA13AF003337ED /* PCRoot.m */,
				CEADC3651CEA04F9003337ED /* PCActivity.h */,
				CEADC3661CEA04F9003337ED /* PCActivity.m */,
				CEADC3761CEA6DBC003337ED /* PCObject.h */,
				CEADC3771CEA6DBC003337ED /* PCObject.m */,
				CEADC3681CEA065A003337ED /* PCPhotoObject.h */,
				CEADC3691CEA065A003337ED /* PCPhotoObject.m */,
				CEADC36E1CEA0990003337ED /* PCPhoto.h */,
				CEADC36F1CEA0990003337ED /* PCPhoto.m */,
			);
			path = Model;
			sourceTree = "<group>";
		};
		CEADC37F1CEA7DD9003337ED /* View */ = {
			isa = PBXGroup;
			children = (
				CEADC3801CEA7DD9003337ED /* PhotoCollectionViewController.h */,
				CEADC3811CEA7DD9003337ED /* PhotoCollectionViewController.m */,
				CEADC3821CEA7DD9003337ED /* StartViewController.h */,
				CEADC3831CEA7DD9003337ED /* StartViewController.m */,
				CE762F501CEB2B1B003A72BD /* PhotoCollectionViewCell.h */,
				CE762F511CEB2B1B003A72BD /* PhotoCollectionViewCell.m */,
			);
			path = View;
			sourceTree = "<group>";
		};
		CEADC3861CEA7DD9003337ED /* Utilities */ = {
			isa = PBXGroup;
			children = (
				CEADC3871CEA7DD9003337ED /* NSDictionary+TypeCheck.h */,
				CEADC3881CEA7DD9003337ED /* NSDictionary+TypeCheck.m */,
				CE762F4D1CEB1F3C003A72BD /* PhotoActivitiesOrderedCollection.h */,
				CE762F4E1CEB1F3C003A72BD /* PhotoActivitiesOrderedCollection.m */,
			);
			path = Utilities;
			sourceTree = "<group>";
		};
		CEBAB4451CE9DCD600357BC9 = {
			isa = PBXGroup;
			children = (
				CEBAB4501CE9DCD600357BC9 /* ExplorePage */,
				CEBAB44F1CE9DCD600357BC9 /* Products */,
			);
			sourceTree = "<group>";
		};
		CEBAB44F1CE9DCD600357BC9 /* Products */ = {
			isa = PBXGroup;
			children = (
				CEBAB44E1CE9DCD600357BC9 /* ExplorePage.app */,
			);
			name = Products;
			sourceTree = "<group>";
		};
		CEBAB4501CE9DCD600357BC9 /* ExplorePage */ = {
			isa = PBXGroup;
			children = (
				CEADC37F1CEA7DD9003337ED /* View */,
				CEADC3611CEA0319003337ED /* Model */,
				CEADC35D1CE9F05D003337ED /* Network */,
				CEADC3861CEA7DD9003337ED /* Utilities */,
				CEBAB4541CE9DCD600357BC9 /* AppDelegate.h */,
				CEBAB4551CE9DCD600357BC9 /* AppDelegate.m */,
				CEBAB45A1CE9DCD600357BC9 /* Main.storyboard */,
				CEBAB45D1CE9DCD600357BC9 /* Assets.xcassets */,
				CEBAB45F1CE9DCD600357BC9 /* LaunchScreen.storyboard */,
				CEBAB4621CE9DCD600357BC9 /* Info.plist */,
				CEBAB4511CE9DCD600357BC9 /* Supporting Files */,
			);
			path = ExplorePage;
			sourceTree = "<group>";
		};
		CEBAB4511CE9DCD600357BC9 /* Supporting Files */ = {
			isa = PBXGroup;
			children = (
				CEBAB4521CE9DCD600357BC9 /* main.m */,
			);
			name = "Supporting Files";
			sourceTree = "<group>";
		};
/* End PBXGroup section */

/* Begin PBXNativeTarget section */
		CEBAB44D1CE9DCD600357BC9 /* ExplorePage */ = {
			isa = PBXNativeTarget;
			buildConfigurationList = CEBAB4651CE9DCD600357BC9 /* Build configuration list for PBXNativeTarget "ExplorePage" */;
			buildPhases = (
				CEBAB44A1CE9DCD600357BC9 /* Sources */,
				CEBAB44B1CE9DCD600357BC9 /* Frameworks */,
				CEBAB44C1CE9DCD600357BC9 /* Resources */,
			);
			buildRules = (
			);
			dependencies = (
			);
			name = ExplorePage;
			productName = ExplorePage;
			productReference = CEBAB44E1CE9DCD600357BC9 /* ExplorePage.app */;
			productType = "com.apple.product-type.application";
		};
/* End PBXNativeTarget section */

/* Begin PBXProject section */
		CEBAB4461CE9DCD600357BC9 /* Project object */ = {
			isa = PBXProject;
			attributes = {
				LastUpgradeCheck = 0730;
				ORGANIZATIONNAME = peterkuts;
				TargetAttributes = {
					CEBAB44D1CE9DCD600357BC9 = {
						CreatedOnToolsVersion = 7.3.1;
					};
				};
			};
			buildConfigurationList = CEBAB4491CE9DCD600357BC9 /* Build configuration list for PBXProject "ExplorePage" */;
			compatibilityVersion = "Xcode 3.2";
			developmentRegion = English;
			hasScannedForEncodings = 0;
			knownRegions = (
				en,
				Base,
			);
			mainGroup = CEBAB4451CE9DCD600357BC9;
			productRefGroup = CEBAB44F1CE9DCD600357BC9 /* Products */;
			projectDirPath = "";
			projectRoot = "";
			targets = (
				CEBAB44D1CE9DCD600357BC9 /* ExplorePage */,
			);
		};
/* End PBXProject section */

/* Begin PBXResourcesBuildPhase section */
		CEBAB44C1CE9DCD600357BC9 /* Resources */ = {
			isa = PBXResourcesBuildPhase;
			buildActionMask = 2147483647;
			files = (
				CEBAB4611CE9DCD600357BC9 /* LaunchScreen.storyboard in Resources */,
				CEBAB45E1CE9DCD600357BC9 /* Assets.xcassets in Resources */,
				CEBAB45C1CE9DCD600357BC9 /* Main.storyboard in Resources */,
			);
			runOnlyForDeploymentPostprocessing = 0;
		};
/* End PBXResourcesBuildPhase section */

/* Begin PBXSourcesBuildPhase section */
		CEBAB44A1CE9DCD600357BC9 /* Sources */ = {
			isa = PBXSourcesBuildPhase;
			buildActionMask = 2147483647;
			files = (
				CEADC3731CEA13AF003337ED /* PCRoot.m in Sources */,
				CEADC38C1CEA7DD9003337ED /* NSDictionary+TypeCheck.m in Sources */,
				CEADC3781CEA6DBC003337ED /* PCObject.m in Sources */,
				CEADC3701CEA0990003337ED /* PCPhoto.m in Sources */,
				CE762F4F1CEB1F3C003A72BD /* PhotoActivitiesOrderedCollection.m in Sources */,
				CEADC3601CE9F083003337ED /* PCServer.m in Sources */,
				CEBAB4561CE9DCD600357BC9 /* AppDelegate.m in Sources */,
				CE762F521CEB2B1B003A72BD /* PhotoCollectionViewCell.m in Sources */,
				CEBAB4531CE9DCD600357BC9 /* main.m in Sources */,
				CEADC3891CEA7DD9003337ED /* PhotoCollectionViewController.m in Sources */,
				CEADC38A1CEA7DD9003337ED /* StartViewController.m in Sources */,
				CEADC3671CEA04F9003337ED /* PCActivity.m in Sources */,
				CEADC36A1CEA065A003337ED /* PCPhotoObject.m in Sources */,
			);
			runOnlyForDeploymentPostprocessing = 0;
		};
/* End PBXSourcesBuildPhase section */

/* Begin PBXVariantGroup section */
		CEBAB45A1CE9DCD600357BC9 /* Main.storyboard */ = {
			isa = PBXVariantGroup;
			children = (
				CEBAB45B1CE9DCD600357BC9 /* Base */,
			);
			name = Main.storyboard;
			sourceTree = "<group>";
		};
		CEBAB45F1CE9DCD600357BC9 /* LaunchScreen.storyboard */ = {
			isa = PBXVariantGroup;
			children = (
				CEBAB4601CE9DCD600357BC9 /* Base */,
			);
			name = LaunchScreen.storyboard;
			sourceTree = "<group>";
		};
/* End PBXVariantGroup section */

/* Begin XCBuildConfiguration section */
		CEBAB4631CE9DCD600357BC9 /* Debug */ = {
			isa = XCBuildConfiguration;
			buildSettings = {
				ALWAYS_SEARCH_USER_PATHS = NO;
				CLANG_ANALYZER_NONNULL = YES;
				CLANG_CXX_LANGUAGE_STANDARD = "gnu++0x";
				CLANG_CXX_LIBRARY = "libc++";
				CLANG_ENABLE_MODULES = YES;
				CLANG_ENABLE_OBJC_ARC = YES;
				CLANG_WARN_BOOL_CONVERSION = YES;
				CLANG_WARN_CONSTANT_CONVERSION = YES;
				CLANG_WARN_DIRECT_OBJC_ISA_USAGE = YES_ERROR;
				CLANG_WARN_EMPTY_BODY = YES;
				CLANG_WARN_ENUM_CONVERSION = YES;
				CLANG_WARN_INT_CONVERSION = YES;
				CLANG_WARN_OBJC_ROOT_CLASS = YES_ERROR;
				CLANG_WARN_UNREACHABLE_CODE = YES;
				CLANG_WARN__DUPLICATE_METHOD_MATCH = YES;
				"CODE_SIGN_IDENTITY[sdk=iphoneos*]" = "iPhone Developer";
				COPY_PHASE_STRIP = NO;
				DEBUG_INFORMATION_FORMAT = dwarf;
				ENABLE_STRICT_OBJC_MSGSEND = YES;
				ENABLE_TESTABILITY = YES;
				GCC_C_LANGUAGE_STANDARD = gnu99;
				GCC_DYNAMIC_NO_PIC = NO;
				GCC_NO_COMMON_BLOCKS = YES;
				GCC_OPTIMIZATION_LEVEL = 0;
				GCC_PREPROCESSOR_DEFINITIONS = (
					"DEBUG=1",
					"$(inherited)",
				);
				GCC_WARN_64_TO_32_BIT_CONVERSION = YES;
				GCC_WARN_ABOUT_RETURN_TYPE = YES_ERROR;
				GCC_WARN_UNDECLARED_SELECTOR = YES;
				GCC_WARN_UNINITIALIZED_AUTOS = YES_AGGRESSIVE;
				GCC_WARN_UNUSED_FUNCTION = YES;
				GCC_WARN_UNUSED_VARIABLE = YES;
				IPHONEOS_DEPLOYMENT_TARGET = 8.0;
				MTL_ENABLE_DEBUG_INFO = YES;
				ONLY_ACTIVE_ARCH = YES;
				SDKROOT = iphoneos;
				TARGETED_DEVICE_FAMILY = "1,2";
			};
			name = Debug;
		};
		CEBAB4641CE9DCD600357BC9 /* Release */ = {
			isa = XCBuildConfiguration;
			buildSettings = {
				ALWAYS_SEARCH_USER_PATHS = NO;
				CLANG_ANALYZER_NONNULL = YES;
				CLANG_CXX_LANGUAGE_STANDARD = "gnu++0x";
				CLANG_CXX_LIBRARY = "libc++";
				CLANG_ENABLE_MODULES = YES;
				CLANG_ENABLE_OBJC_ARC = YES;
				CLANG_WARN_BOOL_CONVERSION = YES;
				CLANG_WARN_CONSTANT_CONVERSION = YES;
				CLANG_WARN_DIRECT_OBJC_ISA_USAGE = YES_ERROR;
				CLANG_WARN_EMPTY_BODY = YES;
				CLANG_WARN_ENUM_CONVERSION = YES;
				CLANG_WARN_INT_CONVERSION = YES;
				CLANG_WARN_OBJC_ROOT_CLASS = YES_ERROR;
				CLANG_WARN_UNREACHABLE_CODE = YES;
				CLANG_WARN__DUPLICATE_METHOD_MATCH = YES;
				"CODE_SIGN_IDENTITY[sdk=iphoneos*]" = "iPhone Developer";
				COPY_PHASE_STRIP = NO;
				DEBUG_INFORMATION_FORMAT = "dwarf-with-dsym";
				ENABLE_NS_ASSERTIONS = NO;
				ENABLE_STRICT_OBJC_MSGSEND = YES;
				GCC_C_LANGUAGE_STANDARD = gnu99;
				GCC_NO_COMMON_BLOCKS = YES;
				GCC_WARN_64_TO_32_BIT_CONVERSION = YES;
				GCC_WARN_ABOUT_RETURN_TYPE = YES_ERROR;
				GCC_WARN_UNDECLARED_SELECTOR = YES;
				GCC_WARN_UNINITIALIZED_AUTOS = YES_AGGRESSIVE;
				GCC_WARN_UNUSED_FUNCTION = YES;
				GCC_WARN_UNUSED_VARIABLE = YES;
				IPHONEOS_DEPLOYMENT_TARGET = 8.0;
				MTL_ENABLE_DEBUG_INFO = NO;
				SDKROOT = iphoneos;
				TARGETED_DEVICE_FAMILY = "1,2";
				VALIDATE_PRODUCT = YES;
			};
			name = Release;
		};
		CEBAB4661CE9DCD600357BC9 /* Debug */ = {
			isa = XCBuildConfiguration;
			buildSettings = {
				ASSETCATALOG_COMPILER_APPICON_NAME = AppIcon;
				CODE_SIGN_IDENTITY = "iPhone Developer";
				INFOPLIST_FILE = ExplorePage/Info.plist;
				IPHONEOS_DEPLOYMENT_TARGET = 8.0;
				LD_RUNPATH_SEARCH_PATHS = "$(inherited) @executable_path/Frameworks";
				PRODUCT_BUNDLE_IDENTIFIER = peterkuts.ExplorePage;
				PRODUCT_NAME = "$(TARGET_NAME)";
			};
			name = Debug;
		};
		CEBAB4671CE9DCD600357BC9 /* Release */ = {
			isa = XCBuildConfiguration;
			buildSettings = {
				ASSETCATALOG_COMPILER_APPICON_NAME = AppIcon;
				CODE_SIGN_IDENTITY = "iPhone Developer";
				INFOPLIST_FILE = ExplorePage/Info.plist;
				IPHONEOS_DEPLOYMENT_TARGET = 8.0;
				LD_RUNPATH_SEARCH_PATHS = "$(inherited) @executable_path/Frameworks";
				PRODUCT_BUNDLE_IDENTIFIER = peterkuts.ExplorePage;
				PRODUCT_NAME = "$(TARGET_NAME)";
			};
			name = Release;
		};
/* End XCBuildConfiguration section */

/* Begin XCConfigurationList section */
		CEBAB4491CE9DCD600357BC9 /* Build configuration list for PBXProject "ExplorePage" */ = {
			isa = XCConfigurationList;
			buildConfigurations = (
				CEBAB4631CE9DCD600357BC9 /* Debug */,
				CEBAB4641CE9DCD600357BC9 /* Release */,
			);
			defaultConfigurationIsVisible = 0;
			defaultConfigurationName = Release;
		};
		CEBAB4651CE9DCD600357BC9 /* Build configuration list for PBXNativeTarget "ExplorePage" */ = {
			isa = XCConfigurationList;
			buildConfigurations = (
				CEBAB4661CE9DCD600357BC9 /* Debug */,
				CEBAB4671CE9DCD600357BC9 /* Release */,
			);
			defaultConfigurationIsVisible = 0;
			defaultConfigurationName = Release;
		};
/* End XCConfigurationList section */
	};
	rootObject = CEBAB4461CE9DCD600357BC9 /* Project object */;
}
